
Microsoft Visual Studio Solution File, Format Version 12.00
# Visual Studio Version 16
VisualStudioVersion = 16.0.29418.71
MinimumVisualStudioVersion = 10.0.40219.1
Project("{FAE04EC0-301F-11D3-BF4B-00C04F79EFBC}") = "Console_Chess v1.0", "Console_Chess v1.0\Console_Chess v1.0.csproj", "{1AB825EC-7B62-4E2E-9D6E-4CF5BC055DF5}"
EndProject
Global
	GlobalSection(SolutionConfigurationPlatforms) = preSolution
		Debug|Any CPU = Debug|Any CPU
		Release|Any CPU = Release|Any CPU
	EndGlobalSection
	GlobalSection(ProjectConfigurationPlatforms) = postSolution
		{1AB825EC-7B62-4E2E-9D6E-4CF5BC055DF5}.Debug|Any CPU.ActiveCfg = Debug|Any CPU
		{1AB825EC-7B62-4E2E-9D6E-4CF5BC055DF5}.Debug|Any CPU.Build.0 = Debug|Any CPU
		{1AB825EC-7B62-4E2E-9D6E-4CF5BC055DF5}.Release|Any CPU.ActiveCfg = Release|Any CPU
		{1AB825EC-7B62-4E2E-9D6E-4CF5BC055DF5}.Release|Any CPU.Build.0 = Release|Any CPU
	EndGlobalSection
	GlobalSection(SolutionProperties) = preSolution
		HideSolutionNode = FALSE
	EndGlobalSection
	GlobalSection(ExtensibilityGlobals) = postSolution
		SolutionGuid = {C9108463-1A0E-451B-8F28-10E68550D039}
	EndGlobalSection
EndGlobal
